// !$*UTF8*$!
{
	archiveVersion = 1;
	classes = {
	};
	objectVersion = 77;
	objects = {

/* Begin PBXBuildFile section */
		21767571682404D7DA0BFB8A /* libNiumaTermCore.a in Frameworks */ = {isa = PBXBuildFile; fileRef = 066E64394481F5B9AA6CF18C /* libNiumaTermCore.a */; };
		27998D02BA0ECC43307DDB79 /* NiumaTermCore.swift in Sources */ = {isa = PBXBuildFile; fileRef = E90E19A042FBDF4C6F529F2D /* NiumaTermCore.swift */; };
		2F36E280E8AA61B0D0D0D09B /* libnmt_mobile.a in Frameworks */ = {isa = PBXBuildFile; fileRef = ADFAA57302071AACD9B4E1E9 /* libnmt_mobile.a */; };
		9A0B6E4647C231AC3197A471 /* NiumaTermNotifications.appex in Embed Foundation Extensions */ = {isa = PBXBuildFile; fileRef = EF17EC71E4B37736500E003B /* NiumaTermNotifications.appex */; settings = {ATTRIBUTES = (RemoveHeadersOnCopy, ); }; };
/* End PBXBuildFile section */

/* Begin PBXContainerItemProxy section */
		16A769750B360C67E1C2F566 /* PBXContainerItemProxy */ = {
			isa = PBXContainerItemProxy;
			containerPortal = 6089AEC6FD9F7517AC59661C /* Project object */;
			proxyType = 1;
			remoteGlobalIDString = 35A02660233E2307F0391839;
			remoteInfo = NiumaTermNotifications;
		};
		C2D1CD3326FEDABC6BFD9E3B /* PBXContainerItemProxy */ = {
			isa = PBXContainerItemProxy;
			containerPortal = 6089AEC6FD9F7517AC59661C /* Project object */;
			proxyType = 1;
			remoteGlobalIDString = E412CD672E9C84B165CEE585;
			remoteInfo = NiumaTermCore;
		};
/* End PBXContainerItemProxy section */

/* Begin PBXCopyFilesBuildPhase section */
		BD54F3ECA4586E3EE153304E /* Embed Foundation Extensions */ = {
			isa = PBXCopyFilesBuildPhase;
			buildActionMask = 2147483647;
			dstPath = "";
			dstSubfolderSpec = 13;
			files = (
				9A0B6E4647C231AC3197A471 /* NiumaTermNotifications.appex in Embed Foundation Extensions */,
			);
			name = "Embed Foundation Extensions";
			runOnlyForDeploymentPostprocessing = 0;
		};
/* End PBXCopyFilesBuildPhase section */

/* Begin PBXFileReference section */
		066E64394481F5B9AA6CF18C /* libNiumaTermCore.a */ = {isa = PBXFileReference; includeInIndex = 0; lastKnownFileType = archive.ar; path = libNiumaTermCore.a; sourceTree = BUILT_PRODUCTS_DIR; };
		09B822E4B92C737499B7C10A /* Signing.xcconfig */ = {isa = PBXFileReference; lastKnownFileType = text.xcconfig; path = Signing.xcconfig; sourceTree = "<group>"; };
		970586C5D530B606DE81F3FC /* NiumaTerm.app */ = {isa = PBXFileReference; includeInIndex = 0; lastKnownFileType = wrapper.application; path = NiumaTerm.app; sourceTree = BUILT_PRODUCTS_DIR; };
		ADFAA57302071AACD9B4E1E9 /* libnmt_mobile.a */ = {isa = PBXFileReference; lastKnownFileType = archive.ar; path = libnmt_mobile.a; sourceTree = BUILT_PRODUCTS_DIR; };
		E90E19A042FBDF4C6F529F2D /* NiumaTermCore.swift */ = {isa = PBXFileReference; lastKnownFileType = sourcecode.swift; path = NiumaTermCore.swift; sourceTree = "<group>"; };
		EF17EC71E4B37736500E003B /* NiumaTermNotifications.appex */ = {isa = PBXFileReference; includeInIndex = 0; lastKnownFileType = "wrapper.app-extension"; path = NiumaTermNotifications.appex; sourceTree = BUILT_PRODUCTS_DIR; };
/* End PBXFileReference section */

/* Begin PBXFileSystemSynchronizedRootGroup section */
		2844D43CB048B6F321F26F35 /* NotificationService */ = {
			isa = PBXFileSystemSynchronizedRootGroup;
			explicitFileTypes = {
			};
			explicitFolders = (
			);
			path = NotificationService;
			sourceTree = "<group>";
		};
		B48B6D9464F8E5E409925620 /* NiumaTerm */ = {
			isa = PBXFileSystemSynchronizedRootGroup;
			explicitFileTypes = {
			};
			explicitFolders = (
			);
			path = NiumaTerm;
			sourceTree = "<group>";
		};
/* End PBXFileSystemSynchronizedRootGroup section */

/* Begin PBXFrameworksBuildPhase section */
		D1FFC17799FE714A24549450 /* Frameworks */ = {
			isa = PBXFrameworksBuildPhase;
			buildActionMask = 2147483647;
			files = (
				21767571682404D7DA0BFB8A /* libNiumaTermCore.a in Frameworks */,
				2F36E280E8AA61B0D0D0D09B /* libnmt_mobile.a in Frameworks */,
			);
			runOnlyForDeploymentPostprocessing = 0;
		};
/* End PBXFrameworksBuildPhase section */

/* Begin PBXGroup section */
		53CFCD654FA7FCB085B926FD /* Frameworks */ = {
			isa = PBXGroup;
			children = (
				ADFAA57302071AACD9B4E1E9 /* libnmt_mobile.a */,
			);
			name = Frameworks;
			sourceTree = "<group>";
		};
		69D5F522E2C4AC192A0ED8F9 /* Generated */ = {
			isa = PBXGroup;
			children = (
				E90E19A042FBDF4C6F529F2D /* NiumaTermCore.swift */,
			);
			name = Generated;
			path = NiumaTermCore/Generated;
			sourceTree = "<group>";
		};
		6A1D69FDC11E0643433F389F = {
			isa = PBXGroup;
			children = (
				E8B74B291C5C4FB14058AA72 /* Config */,
				69D5F522E2C4AC192A0ED8F9 /* Generated */,
				B48B6D9464F8E5E409925620 /* NiumaTerm */,
				2844D43CB048B6F321F26F35 /* NotificationService */,
				53CFCD654FA7FCB085B926FD /* Frameworks */,
				A119FA9BBB0C2EB1BAA7F479 /* Products */,
			);
			sourceTree = "<group>";
		};
		A119FA9BBB0C2EB1BAA7F479 /* Products */ = {
			isa = PBXGroup;
			children = (
				066E64394481F5B9AA6CF18C /* libNiumaTermCore.a */,
				970586C5D530B606DE81F3FC /* NiumaTerm.app */,
				EF17EC71E4B37736500E003B /* NiumaTermNotifications.appex */,
			);
			name = Products;
			sourceTree = "<group>";
		};
		E8B74B291C5C4FB14058AA72 /* Config */ = {
			isa = PBXGroup;
			children = (
				09B822E4B92C737499B7C10A /* Signing.xcconfig */,
			);
			path = Config;
			sourceTree = "<group>";
		};
/* End PBXGroup section */

/* Begin PBXNativeTarget section */
		35A02660233E2307F0391839 /* NiumaTermNotifications */ = {
			isa = PBXNativeTarget;
			buildConfigurationList = 2CFF264DA8CFF4C69E28ECB7 /* Build configuration list for PBXNativeTarget "NiumaTermNotifications" */;
			buildPhases = (
				5C4563856D3D7C086DD92589 /* Sources */,
				5821EC4A210B7CF616C05060 /* Resources */,
			);
			buildRules = (
			);
			dependencies = (
			);
			fileSystemSynchronizedGroups = (
				2844D43CB048B6F321F26F35 /* NotificationService */,
			);
			name = NiumaTermNotifications;
			packageProductDependencies = (
			);
			productName = NiumaTermNotifications;
			productReference = EF17EC71E4B37736500E003B /* NiumaTermNotifications.appex */;
			productType = "com.apple.product-type.app-extension";
		};
		37DB34685AA923CB302F704E /* NiumaTerm */ = {
			isa = PBXNativeTarget;
			buildConfigurationList = 737CB33AD57EC7827BE8AAA5 /* Build configuration list for PBXNativeTarget "NiumaTerm" */;
			buildPhases = (
				7DE58BE60094EB1859C13792 /* Sources */,
				B6E3D8B6D27EED3E633EB912 /* Resources */,
				D1FFC17799FE714A24549450 /* Frameworks */,
				BD54F3ECA4586E3EE153304E /* Embed Foundation Extensions */,
			);
			buildRules = (
			);
			dependencies = (
				4241A62E85ECA0976092FF16 /* PBXTargetDependency */,
				1439A0DE4EE8BF28CAF105D6 /* PBXTargetDependency */,
			);
			fileSystemSynchronizedGroups = (
				B48B6D9464F8E5E409925620 /* NiumaTerm */,
			);
			name = NiumaTerm;
			packageProductDependencies = (
			);
			productName = NiumaTerm;
			productReference = 970586C5D530B606DE81F3FC /* NiumaTerm.app */;
			productType = "com.apple.product-type.application";
		};
		E412CD672E9C84B165CEE585 /* NiumaTermCore */ = {
			isa = PBXNativeTarget;
			buildConfigurationList = 5F9A02BF5EE531111DD771C1 /* Build configuration list for PBXNativeTarget "NiumaTermCore" */;
			buildPhases = (
				E5A6013CEBE35D2D03FA94F9 /* Build Rust core */,
				3EA34E7D064F4379F399FAE2 /* Sources */,
				9FD8D07A0A89E84467060A81 /* Copy Swift Objective-C Interface Header */,
			);
			buildRules = (
			);
			dependencies = (
			);
			name = NiumaTermCore;
			packageProductDependencies = (
			);
			productName = NiumaTermCore;
			productReference = 066E64394481F5B9AA6CF18C /* libNiumaTermCore.a */;
			productType = "com.apple.product-type.library.static";
		};
/* End PBXNativeTarget section */

/* Begin PBXProject section */
		6089AEC6FD9F7517AC59661C /* Project object */ = {
			isa = PBXProject;
			attributes = {
				BuildIndependentTargetsInParallel = YES;
				LastUpgradeCheck = 2700;
				TargetAttributes = {
					35A02660233E2307F0391839 = {
						DevelopmentTeam = "$(NMT_DEVELOPMENT_TEAM)";
						ProvisioningStyle = Automatic;
					};
					37DB34685AA923CB302F704E = {
						DevelopmentTeam = "$(NMT_DEVELOPMENT_TEAM)";
						ProvisioningStyle = Automatic;
					};
				};
			};
			buildConfigurationList = 593235E5CF7AF0AE43BA0675 /* Build configuration list for PBXProject "NiumaTerm" */;
			developmentRegion = en;
			hasScannedForEncodings = 0;
			knownRegions = (
				Base,
				en,
			);
			mainGroup = 6A1D69FDC11E0643433F389F;
			minimizedProjectReferenceProxies = 1;
			preferredProjectObjectVersion = 77;
			productRefGroup = A119FA9BBB0C2EB1BAA7F479 /* Products */;
			projectDirPath = "";
			projectRoot = "";
			targets = (
				37DB34685AA923CB302F704E /* NiumaTerm */,
				E412CD672E9C84B165CEE585 /* NiumaTermCore */,
				35A02660233E2307F0391839 /* NiumaTermNotifications */,
			);
		};
/* End PBXProject section */

/* Begin PBXResourcesBuildPhase section */
		5821EC4A210B7CF616C05060 /* Resources */ = {
			isa = PBXResourcesBuildPhase;
			buildActionMask = 2147483647;
			files = (
			);
			runOnlyForDeploymentPostprocessing = 0;
		};
		B6E3D8B6D27EED3E633EB912 /* Resources */ = {
			isa = PBXResourcesBuildPhase;
			buildActionMask = 2147483647;
			files = (
			);
			runOnlyForDeploymentPostprocessing = 0;
		};
/* End PBXResourcesBuildPhase section */

/* Begin PBXShellScriptBuildPhase section */
		9FD8D07A0A89E84467060A81 /* Copy Swift Objective-C Interface Header */ = {
			isa = PBXShellScriptBuildPhase;
			buildActionMask = 2147483647;
			files = (
			);
			inputPaths = (
				"$(DERIVED_SOURCES_DIR)/$(SWIFT_OBJC_INTERFACE_HEADER_NAME)",
			);
			name = "Copy Swift Objective-C Interface Header";
			outputPaths = (
				"$(BUILT_PRODUCTS_DIR)/include/$(PRODUCT_MODULE_NAME)/$(SWIFT_OBJC_INTERFACE_HEADER_NAME)",
			);
			runOnlyForDeploymentPostprocessing = 0;
			shellPath = /bin/sh;
			shellScript = "ditto \"${SCRIPT_INPUT_FILE_0}\" \"${SCRIPT_OUTPUT_FILE_0}\"\n";
		};
		E5A6013CEBE35D2D03FA94F9 /* Build Rust core */ = {
			isa = PBXShellScriptBuildPhase;
			alwaysOutOfDate = 1;
			buildActionMask = 2147483647;
			files = (
			);
			inputFileListPaths = (
			);
			inputPaths = (
			);
			name = "Build Rust core";
			outputFileListPaths = (
			);
			outputPaths = (
				"$(SRCROOT)/NiumaTermCore/Generated/NiumaTermCore.swift",
				"$(SRCROOT)/NiumaTermCore/Generated/NiumaTermCoreFFI.h",
				"$(SRCROOT)/NiumaTermCore/Generated/module.modulemap",
				"$(BUILT_PRODUCTS_DIR)/libnmt_mobile.a",
			);
			runOnlyForDeploymentPostprocessing = 0;
			shellPath = /bin/sh;
			shellScript = "\"$SRCROOT/../../scripts/build-ios-core.sh\"";
		};
/* End PBXShellScriptBuildPhase section */

/* Begin PBXSourcesBuildPhase section */
		3EA34E7D064F4379F399FAE2 /* Sources */ = {
			isa = PBXSourcesBuildPhase;
			buildActionMask = 2147483647;
			files = (
				27998D02BA0ECC43307DDB79 /* NiumaTermCore.swift in Sources */,
			);
			runOnlyForDeploymentPostprocessing = 0;
		};
		5C4563856D3D7C086DD92589 /* Sources */ = {
			isa = PBXSourcesBuildPhase;
			buildActionMask = 2147483647;
			files = (
			);
			runOnlyForDeploymentPostprocessing = 0;
		};
		7DE58BE60094EB1859C13792 /* Sources */ = {
			isa = PBXSourcesBuildPhase;
			buildActionMask = 2147483647;
			files = (
			);
			runOnlyForDeploymentPostprocessing = 0;
		};
/* End PBXSourcesBuildPhase section */

/* Begin PBXTargetDependency section */
		1439A0DE4EE8BF28CAF105D6 /* PBXTargetDependency */ = {
			isa = PBXTargetDependency;
			target = 35A02660233E2307F0391839 /* NiumaTermNotifications */;
			targetProxy = 16A769750B360C67E1C2F566 /* PBXContainerItemProxy */;
		};
		4241A62E85ECA0976092FF16 /* PBXTargetDependency */ = {
			isa = PBXTargetDependency;
			target = E412CD672E9C84B165CEE585 /* NiumaTermCore */;
			targetProxy = C2D1CD3326FEDABC6BFD9E3B /* PBXContainerItemProxy */;
		};
/* End PBXTargetDependency section */

/* Begin XCBuildConfiguration section */
		40A04CD734CA2632658B8CA2 /* Release */ = {
			isa = XCBuildConfiguration;
			baseConfigurationReference = 09B822E4B92C737499B7C10A /* Signing.xcconfig */;
			buildSettings = {
				CODE_SIGN_ENTITLEMENTS = Config/NiumaTermNotifications.entitlements;
				CODE_SIGN_STYLE = Automatic;
				GENERATE_INFOPLIST_FILE = YES;
				INFOPLIST_FILE = "NotificationService-Info.plist";
				INFOPLIST_KEY_CFBundleDisplayName = "NiumaTerm Notifications";
				LD_RUNPATH_SEARCH_PATHS = (
					"$(inherited)",
					"@executable_path/Frameworks",
					"@executable_path/../../Frameworks",
				);
				PRODUCT_BUNDLE_IDENTIFIER = "$(NMT_APP_BUNDLE_ID).notifications";
				SDKROOT = iphoneos;
				SKIP_INSTALL = YES;
				TARGETED_DEVICE_FAMILY = "1,2";
			};
			name = Release;
		};
		47990870281C39206ABD252E /* Debug */ = {
			isa = XCBuildConfiguration;
			baseConfigurationReference = 09B822E4B92C737499B7C10A /* Signing.xcconfig */;
			buildSettings = {
				ASSETCATALOG_COMPILER_APPICON_NAME = AppIcon;
				ASSETCATALOG_COMPILER_GLOBAL_ACCENT_COLOR_NAME = AccentColor;
				CODE_SIGN_ENTITLEMENTS = Config/NiumaTerm.entitlements;
				CODE_SIGN_IDENTITY = "iPhone Developer";
				CODE_SIGN_STYLE = Automatic;
				ENABLE_PREVIEWS = YES;
				GENERATE_INFOPLIST_FILE = YES;
				INFOPLIST_FILE = "NiumaTerm-Info.plist";
				INFOPLIST_KEY_CFBundleDisplayName = NiumaTerm;
				INFOPLIST_KEY_ITSAppUsesNonExemptEncryption = NO;
				INFOPLIST_KEY_LSApplicationCategoryType = "public.app-category.developer-tools";
				INFOPLIST_KEY_NSCameraUsageDescription = "Scan the pairing QR code shown by NiumaTerm on your computer.";
				INFOPLIST_KEY_NSFaceIDUsageDescription = "Unlock NiumaTerm when returning to the app.";
				INFOPLIST_KEY_NSLocalNetworkUsageDescription = "Connect to NiumaTerm on a computer in this network.";
				INFOPLIST_KEY_UIApplicationSceneManifest_Generation = YES;
				INFOPLIST_KEY_UIApplicationSupportsIndirectInputEvents = YES;
				INFOPLIST_KEY_UILaunchScreen_Generation = YES;
				INFOPLIST_KEY_UISupportedInterfaceOrientations_iPad = "UIInterfaceOrientationPortrait UIInterfaceOrientationPortraitUpsideDown UIInterfaceOrientationLandscapeLeft UIInterfaceOrientationLandscapeRight";
				INFOPLIST_KEY_UISupportedInterfaceOrientations_iPhone = "UIInterfaceOrientationPortrait UIInterfaceOrientationLandscapeLeft UIInterfaceOrientationLandscapeRight";
				LD_RUNPATH_SEARCH_PATHS = (
					"$(inherited)",
					"@executable_path/Frameworks",
				);
				OTHER_LDFLAGS = (
					"$(inherited)",
					"-framework",
					Security,
					"-framework",
					CoreFoundation,
					"-lutil",
					"-liconv",
					"-ObjC",
				);
				SDKROOT = iphoneos;
				SWIFT_EMIT_LOC_STRINGS = YES;
				TARGETED_DEVICE_FAMILY = "1,2";
			};
			name = Debug;
		};
		5A4410AA03E5BCE83906332E /* Release */ = {
			isa = XCBuildConfiguration;
			buildSettings = {
				ENABLE_USER_SCRIPT_SANDBOXING = NO;
				LD_RUNPATH_SEARCH_PATHS = (
					"$(inherited)",
					"@executable_path/Frameworks",
				);
				SDKROOT = iphoneos;
				SKIP_INSTALL = YES;
				SWIFT_VERSION = 5.0;
				TARGETED_DEVICE_FAMILY = "1,2";
			};
			name = Release;
		};
		684F2DB0F54847F7485063CB /* Debug */ = {
			isa = XCBuildConfiguration;
			buildSettings = {
				ENABLE_USER_SCRIPT_SANDBOXING = NO;
				LD_RUNPATH_SEARCH_PATHS = (
					"$(inherited)",
					"@executable_path/Frameworks",
				);
				SDKROOT = iphoneos;
				SKIP_INSTALL = YES;
				SWIFT_VERSION = 5.0;
				TARGETED_DEVICE_FAMILY = "1,2";
			};
			name = Debug;
		};
		6B13A98B28C679C1E39CC865 /* Release */ = {
			isa = XCBuildConfiguration;
			baseConfigurationReference = 09B822E4B92C737499B7C10A /* Signing.xcconfig */;
			buildSettings = {
				ASSETCATALOG_COMPILER_APPICON_NAME = AppIcon;
				ASSETCATALOG_COMPILER_GLOBAL_ACCENT_COLOR_NAME = AccentColor;
				CODE_SIGN_ENTITLEMENTS = Config/NiumaTerm.entitlements;
				CODE_SIGN_IDENTITY = "iPhone Developer";
				CODE_SIGN_STYLE = Automatic;
				ENABLE_PREVIEWS = YES;
				GENERATE_INFOPLIST_FILE = YES;
				INFOPLIST_FILE = "NiumaTerm-Info.plist";
				INFOPLIST_KEY_CFBundleDisplayName = NiumaTerm;
				INFOPLIST_KEY_ITSAppUsesNonExemptEncryption = NO;
				INFOPLIST_KEY_LSApplicationCategoryType = "public.app-category.developer-tools";
				INFOPLIST_KEY_NSCameraUsageDescription = "Scan the pairing QR code shown by NiumaTerm on your computer.";
				INFOPLIST_KEY_NSFaceIDUsageDescription = "Unlock NiumaTerm when returning to the app.";
				INFOPLIST_KEY_NSLocalNetworkUsageDescription = "Connect to NiumaTerm on a computer in this network.";
				INFOPLIST_KEY_UIApplicationSceneManifest_Generation = YES;
				INFOPLIST_KEY_UIApplicationSupportsIndirectInputEvents = YES;
				INFOPLIST_KEY_UILaunchScreen_Generation = YES;
				INFOPLIST_KEY_UISupportedInterfaceOrientations_iPad = "UIInterfaceOrientationPortrait UIInterfaceOrientationPortraitUpsideDown UIInterfaceOrientationLandscapeLeft UIInterfaceOrientationLandscapeRight";
				INFOPLIST_KEY_UISupportedInterfaceOrientations_iPhone = "UIInterfaceOrientationPortrait UIInterfaceOrientationLandscapeLeft UIInterfaceOrientationLandscapeRight";
				LD_RUNPATH_SEARCH_PATHS = (
					"$(inherited)",
					"@executable_path/Frameworks",
				);
				OTHER_LDFLAGS = (
					"$(inherited)",
					"-framework",
					Security,
					"-framework",
					CoreFoundation,
					"-lutil",
					"-liconv",
					"-ObjC",
				);
				SDKROOT = iphoneos;
				SWIFT_EMIT_LOC_STRINGS = YES;
				TARGETED_DEVICE_FAMILY = "1,2";
			};
			name = Release;
		};
		84CCB2D20026B35ECE58A3AB /* Release */ = {
			isa = XCBuildConfiguration;
			buildSettings = {
				ALWAYS_SEARCH_USER_PATHS = NO;
				CLANG_ANALYZER_NONNULL = YES;
				CLANG_ANALYZER_NUMBER_OBJECT_CONVERSION = YES_AGGRESSIVE;
				CLANG_CXX_LANGUAGE_STANDARD = "gnu++14";
				CLANG_CXX_LIBRARY = "libc++";
				CLANG_ENABLE_MODULES = YES;
				CLANG_ENABLE_OBJC_ARC = YES;
				CLANG_ENABLE_OBJC_WEAK = YES;
				CLANG_WARN_BLOCK_CAPTURE_AUTORELEASING = YES;
				CLANG_WARN_BOOL_CONVERSION = YES;
				CLANG_WARN_COMMA = YES;
				CLANG_WARN_CONSTANT_CONVERSION = YES;
				CLANG_WARN_DEPRECATED_OBJC_IMPLEMENTATIONS = YES;
				CLANG_WARN_DIRECT_OBJC_ISA_USAGE = YES_ERROR;
				CLANG_WARN_DOCUMENTATION_COMMENTS = YES;
				CLANG_WARN_EMPTY_BODY = YES;
				CLANG_WARN_ENUM_CONVERSION = YES;
				CLANG_WARN_INFINITE_RECURSION = YES;
				CLANG_WARN_INT_CONVERSION = YES;
				CLANG_WARN_NON_LITERAL_NULL_CONVERSION = YES;
				CLANG_WARN_OBJC_IMPLICIT_RETAIN_SELF = YES;
				CLANG_WARN_OBJC_LITERAL_CONVERSION = YES;
				CLANG_WARN_OBJC_ROOT_CLASS = YES_ERROR;
				CLANG_WARN_QUOTED_INCLUDE_IN_FRAMEWORK_HEADER = YES;
				CLANG_WARN_RANGE_LOOP_ANALYSIS = YES;
				CLANG_WARN_STRICT_PROTOTYPES = YES;
				CLANG_WARN_SUSPICIOUS_MOVE = YES;
				CLANG_WARN_UNGUARDED_AVAILABILITY = YES_AGGRESSIVE;
				CLANG_WARN_UNREACHABLE_CODE = YES;
				CLANG_WARN__DUPLICATE_METHOD_MATCH = YES;
				COPY_PHASE_STRIP = NO;
				CURRENT_PROJECT_VERSION = 1;
				DEBUG_INFORMATION_FORMAT = "dwarf-with-dsym";
				ENABLE_NS_ASSERTIONS = NO;
				ENABLE_STRICT_OBJC_MSGSEND = YES;
				"EXCLUDED_ARCHS[sdk=iphonesimulator*]" = x86_64;
				GCC_C_LANGUAGE_STANDARD = gnu11;
				GCC_NO_COMMON_BLOCKS = YES;
				GCC_WARN_64_TO_32_BIT_CONVERSION = YES;
				GCC_WARN_ABOUT_RETURN_TYPE = YES_ERROR;
				GCC_WARN_UNDECLARED_SELECTOR = YES;
				GCC_WARN_UNINITIALIZED_AUTOS = YES_AGGRESSIVE;
				GCC_WARN_UNUSED_FUNCTION = YES;
				GCC_WARN_UNUSED_VARIABLE = YES;
				IPHONEOS_DEPLOYMENT_TARGET = 26.0;
				MARKETING_VERSION = 1.0;
				MTL_ENABLE_DEBUG_INFO = NO;
				MTL_FAST_MATH = YES;
				PRODUCT_NAME = "$(TARGET_NAME)";
				SDKROOT = iphoneos;
				SWIFT_COMPILATION_MODE = wholemodule;
				SWIFT_INCLUDE_PATHS = "$(inherited) $(SRCROOT)/NiumaTermCore/Generated";
				SWIFT_OPTIMIZATION_LEVEL = "-O";
				SWIFT_VERSION = 5.0;
			};
			name = Release;
		};
		990C3C6A341A08B4C60EA560 /* Debug */ = {
			isa = XCBuildConfiguration;
			buildSettings = {
				ALWAYS_SEARCH_USER_PATHS = NO;
				CLANG_ANALYZER_NONNULL = YES;
				CLANG_ANALYZER_NUMBER_OBJECT_CONVERSION = YES_AGGRESSIVE;
				CLANG_CXX_LANGUAGE_STANDARD = "gnu++14";
				CLANG_CXX_LIBRARY = "libc++";
				CLANG_ENABLE_MODULES = YES;
				CLANG_ENABLE_OBJC_ARC = YES;
				CLANG_ENABLE_OBJC_WEAK = YES;
				CLANG_WARN_BLOCK_CAPTURE_AUTORELEASING = YES;
				CLANG_WARN_BOOL_CONVERSION = YES;
				CLANG_WARN_COMMA = YES;
				CLANG_WARN_CONSTANT_CONVERSION = YES;
				CLANG_WARN_DEPRECATED_OBJC_IMPLEMENTATIONS = YES;
				CLANG_WARN_DIRECT_OBJC_ISA_USAGE = YES_ERROR;
				CLANG_WARN_DOCUMENTATION_COMMENTS = YES;
				CLANG_WARN_EMPTY_BODY = YES;
				CLANG_WARN_ENUM_CONVERSION = YES;
				CLANG_WARN_INFINITE_RECURSION = YES;
				CLANG_WARN_INT_CONVERSION = YES;
				CLANG_WARN_NON_LITERAL_NULL_CONVERSION = YES;
				CLANG_WARN_OBJC_IMPLICIT_RETAIN_SELF = YES;
				CLANG_WARN_OBJC_LITERAL_CONVERSION = YES;
				CLANG_WARN_OBJC_ROOT_CLASS = YES_ERROR;
				CLANG_WARN_QUOTED_INCLUDE_IN_FRAMEWORK_HEADER = YES;
				CLANG_WARN_RANGE_LOOP_ANALYSIS = YES;
				CLANG_WARN_STRICT_PROTOTYPES = YES;
				CLANG_WARN_SUSPICIOUS_MOVE = YES;
				CLANG_WARN_UNGUARDED_AVAILABILITY = YES_AGGRESSIVE;
				CLANG_WARN_UNREACHABLE_CODE = YES;
				CLANG_WARN__DUPLICATE_METHOD_MATCH = YES;
				COPY_PHASE_STRIP = NO;
				CURRENT_PROJECT_VERSION = 1;
				DEBUG_INFORMATION_FORMAT = dwarf;
				ENABLE_STRICT_OBJC_MSGSEND = YES;
				ENABLE_TESTABILITY = YES;
				"EXCLUDED_ARCHS[sdk=iphonesimulator*]" = x86_64;
				GCC_C_LANGUAGE_STANDARD = gnu11;
				GCC_DYNAMIC_NO_PIC = NO;
				GCC_NO_COMMON_BLOCKS = YES;
				GCC_OPTIMIZATION_LEVEL = 0;
				GCC_PREPROCESSOR_DEFINITIONS = (
					"$(inherited)",
					"DEBUG=1",
				);
				GCC_WARN_64_TO_32_BIT_CONVERSION = YES;
				GCC_WARN_ABOUT_RETURN_TYPE = YES_ERROR;
				GCC_WARN_UNDECLARED_SELECTOR = YES;
				GCC_WARN_UNINITIALIZED_AUTOS = YES_AGGRESSIVE;
				GCC_WARN_UNUSED_FUNCTION = YES;
				GCC_WARN_UNUSED_VARIABLE = YES;
				IPHONEOS_DEPLOYMENT_TARGET = 26.0;
				MARKETING_VERSION = 1.0;
				MTL_ENABLE_DEBUG_INFO = INCLUDE_SOURCE;
				MTL_FAST_MATH = YES;
				ONLY_ACTIVE_ARCH = YES;
				PRODUCT_NAME = "$(TARGET_NAME)";
				SDKROOT = iphoneos;
				SWIFT_ACTIVE_COMPILATION_CONDITIONS = DEBUG;
				SWIFT_INCLUDE_PATHS = "$(inherited) $(SRCROOT)/NiumaTermCore/Generated";
				SWIFT_OPTIMIZATION_LEVEL = "-Onone";
				SWIFT_VERSION = 5.0;
			};
			name = Debug;
		};
		EB20063CF1ACF0188AFCED72 /* Debug */ = {
			isa = XCBuildConfiguration;
			baseConfigurationReference = 09B822E4B92C737499B7C10A /* Signing.xcconfig */;
			buildSettings = {
				CODE_SIGN_ENTITLEMENTS = Config/NiumaTermNotifications.entitlements;
				CODE_SIGN_STYLE = Automatic;
				GENERATE_INFOPLIST_FILE = YES;
				INFOPLIST_FILE = "NotificationService-Info.plist";
				INFOPLIST_KEY_CFBundleDisplayName = "NiumaTerm Notifications";
				LD_RUNPATH_SEARCH_PATHS = (
					"$(inherited)",
					"@executable_path/Frameworks",
					"@executable_path/../../Frameworks",
				);
				PRODUCT_BUNDLE_IDENTIFIER = "$(NMT_APP_BUNDLE_ID).notifications";
				SDKROOT = iphoneos;
				SKIP_INSTALL = YES;
				TARGETED_DEVICE_FAMILY = "1,2";
			};
			name = Debug;
		};
/* End XCBuildConfiguration section */

/* Begin XCConfigurationList section */
		2CFF264DA8CFF4C69E28ECB7 /* Build configuration list for PBXNativeTarget "NiumaTermNotifications" */ = {
			isa = XCConfigurationList;
			buildConfigurations = (
				EB20063CF1ACF0188AFCED72 /* Debug */,
				40A04CD734CA2632658B8CA2 /* Release */,
			);
			defaultConfigurationIsVisible = 0;
			defaultConfigurationName = Debug;
		};
		593235E5CF7AF0AE43BA0675 /* Build configuration list for PBXProject "NiumaTerm" */ = {
			isa = XCConfigurationList;
			buildConfigurations = (
				990C3C6A341A08B4C60EA560 /* Debug */,
				84CCB2D20026B35ECE58A3AB /* Release */,
			);
			defaultConfigurationIsVisible = 0;
			defaultConfigurationName = Debug;
		};
		5F9A02BF5EE531111DD771C1 /* Build configuration list for PBXNativeTarget "NiumaTermCore" */ = {
			isa = XCConfigurationList;
			buildConfigurations = (
				684F2DB0F54847F7485063CB /* Debug */,
				5A4410AA03E5BCE83906332E /* Release */,
			);
			defaultConfigurationIsVisible = 0;
			defaultConfigurationName = Debug;
		};
		737CB33AD57EC7827BE8AAA5 /* Build configuration list for PBXNativeTarget "NiumaTerm" */ = {
			isa = XCConfigurationList;
			buildConfigurations = (
				47990870281C39206ABD252E /* Debug */,
				6B13A98B28C679C1E39CC865 /* Release */,
			);
			defaultConfigurationIsVisible = 0;
			defaultConfigurationName = Debug;
		};
/* End XCConfigurationList section */
	};
	rootObject = 6089AEC6FD9F7517AC59661C /* Project object */;
}
